Microsoft Visual Studio Solution File, Format Version 11.00
# Visual Studio 2008

Project("{F322F4B2-AB61-E733-708E-676A867E60B8}") = "Nakatomi Rider 002", "Assembly-CSharp.csproj", "{99DA8AA4-1E85-6555-1A66-4470A4B4472F}"
EndProject
Project("{F322F4B2-AB61-E733-708E-676A867E60B8}") = "Nakatomi Rider 002", "Assembly-CSharp-Editor.csproj", "{0BF214A4-C1D8-5D45-DDAC-EF3E4C07AFCE}"
EndProject
Global
	GlobalSection(SolutionConfigurationPlatforms) = preSolution
		Debug|Any CPU = Debug|Any CPU
		Release|Any CPU = Release|Any CPU
	EndGlobalSection
	GlobalSection(ProjectConfigurationPlatforms) = postSolution
		{99DA8AA4-1E85-6555-1A66-4470A4B4472F}.Debug|Any CPU.ActiveCfg = Debug|Any CPU
		{99DA8AA4-1E85-6555-1A66-4470A4B4472F}.Debug|Any CPU.Build.0 = Debug|Any CPU
		{99DA8AA4-1E85-6555-1A66-4470A4B4472F}.Release|Any CPU.ActiveCfg = Release|Any CPU
		{99DA8AA4-1E85-6555-1A66-4470A4B4472F}.Release|Any CPU.Build.0 = Release|Any CPU
		{0BF214A4-C1D8-5D45-DDAC-EF3E4C07AFCE}.Debug|Any CPU.ActiveCfg = Debug|Any CPU
		{0BF214A4-C1D8-5D45-DDAC-EF3E4C07AFCE}.Debug|Any CPU.Build.0 = Debug|Any CPU
		{0BF214A4-C1D8-5D45-DDAC-EF3E4C07AFCE}.Release|Any CPU.ActiveCfg = Release|Any CPU
		{0BF214A4-C1D8-5D45-DDAC-EF3E4C07AFCE}.Release|Any CPU.Build.0 = Release|Any CPU
	EndGlobalSection
	GlobalSection(SolutionProperties) = preSolution
		HideSolutionNode = FALSE
	EndGlobalSection
	
EndGlobal
